
Microsoft Visual Studio Solution File, Format Version 12.00
# Visual Studio Version 16
VisualStudioVersion = 25.0.1706.0
MinimumVisualStudioVersion = 10.0.40219.1
Project("{FAE04EC0-301F-11D3-BF4B-00C04F79EFBC}") = "BfourProject", "BfourProject\BfourProject.csproj", "{5CE3DE64-E3E6-4208-9C0F-31A5AAB7A5F1}"
EndProject
Global
	GlobalSection(SolutionConfigurationPlatforms) = preSolution
		Debug|Any CPU = Debug|Any CPU
		Release|Any CPU = Release|Any CPU
	EndGlobalSection
	GlobalSection(ProjectConfigurationPlatforms) = postSolution
		{5CE3DE64-E3E6-4208-9C0F-31A5AAB7A5F1}.Debug|Any CPU.ActiveCfg = Debug|Any CPU
		{5CE3DE64-E3E6-4208-9C0F-31A5AAB7A5F1}.Debug|Any CPU.Build.0 = Debug|Any CPU
		{5CE3DE64-E3E6-4208-9C0F-31A5AAB7A5F1}.Release|Any CPU.ActiveCfg = Release|Any CPU
		{5CE3DE64-E3E6-4208-9C0F-31A5AAB7A5F1}.Release|Any CPU.Build.0 = Release|Any CPU
	EndGlobalSection
	GlobalSection(SolutionProperties) = preSolution
		HideSolutionNode = FALSE
	EndGlobalSection
	GlobalSection(ExtensibilityGlobals) = postSolution
		SolutionGuid = {17E1CD2D-EE72-4A5F-BBEC-9DC1B88DE2E1}
	EndGlobalSection
EndGlobal
